
Microsoft Visual Studio Solution File, Format Version 12.00
Project("{FAE04EC0-301F-11D3-BF4B-00C04F79EFBC}") = "GithubBackup.Cli", "GithubBackup.Cli\GithubBackup.Cli.csproj", "{0D7535C6-E82C-4014-A684-0FAD400DA383}"
EndProject
Project("{2150E333-8FDC-42A3-9474-1A3956D46DE8}") = "_", "_", "{B58CB078-54A4-4083-B6DA-B2D1C6E8CE68}"
	ProjectSection(SolutionItems) = preProject
		.dockerignore = .dockerignore
		global.json = global.json
		..\.gitignore = ..\.gitignore
		..\LICENSE = ..\LICENSE
		..\README.md = ..\README.md
		Directory.Build.props = Directory.Build.props
		Directory.Packages.props = Directory.Packages.props
		nuget.config = nuget.config
	EndProjectSection
EndProject
Project("{FAE04EC0-301F-11D3-BF4B-00C04F79EFBC}") = "GithubBackup.Core", "GithubBackup.Core\GithubBackup.Core.csproj", "{94CE06B8-7742-4A37-93CD-662FF98D6DD1}"
EndProject
Project("{FAE04EC0-301F-11D3-BF4B-00C04F79EFBC}") = "GithubBackup.Core.Tests", "GithubBackup.Core.Tests\GithubBackup.Core.Tests.csproj", "{82CB38EC-FA1A-44DD-AAB1-F9ABAAE6FC87}"
EndProject
Global
	GlobalSection(SolutionConfigurationPlatforms) = preSolution
		Debug|Any CPU = Debug|Any CPU
		Release|Any CPU = Release|Any CPU
	EndGlobalSection
	GlobalSection(ProjectConfigurationPlatforms) = postSolution
		{0D7535C6-E82C-4014-A684-0FAD400DA383}.Debug|Any CPU.ActiveCfg = Debug|Any CPU
		{0D7535C6-E82C-4014-A684-0FAD400DA383}.Debug|Any CPU.Build.0 = Debug|Any CPU
		{0D7535C6-E82C-4014-A684-0FAD400DA383}.Release|Any CPU.ActiveCfg = Release|Any CPU
		{0D7535C6-E82C-4014-A684-0FAD400DA383}.Release|Any CPU.Build.0 = Release|Any CPU
		{94CE06B8-7742-4A37-93CD-662FF98D6DD1}.Debug|Any CPU.ActiveCfg = Debug|Any CPU
		{94CE06B8-7742-4A37-93CD-662FF98D6DD1}.Debug|Any CPU.Build.0 = Debug|Any CPU
		{94CE06B8-7742-4A37-93CD-662FF98D6DD1}.Release|Any CPU.ActiveCfg = Release|Any CPU
		{94CE06B8-7742-4A37-93CD-662FF98D6DD1}.Release|Any CPU.Build.0 = Release|Any CPU
		{82CB38EC-FA1A-44DD-AAB1-F9ABAAE6FC87}.Debug|Any CPU.ActiveCfg = Debug|Any CPU
		{82CB38EC-FA1A-44DD-AAB1-F9ABAAE6FC87}.Debug|Any CPU.Build.0 = Debug|Any CPU
		{82CB38EC-FA1A-44DD-AAB1-F9ABAAE6FC87}.Release|Any CPU.ActiveCfg = Release|Any CPU
		{82CB38EC-FA1A-44DD-AAB1-F9ABAAE6FC87}.Release|Any CPU.Build.0 = Release|Any CPU
	EndGlobalSection
EndGlobal
