
Microsoft Visual Studio Solution File, Format Version 12.00
Project("{FAE04EC0-301F-11D3-BF4B-00C04F79EFBC}") = "GithubBackup.Cli", "GithubBackup.Cli\GithubBackup.Cli.csproj", "{0D7535C6-E82C-4014-A684-0FAD400DA383}"
EndProject
Project("{2150E333-8FDC-42A3-9474-1A3956D46DE8}") = "_", "_", "{B58CB078-54A4-4083-B6DA-B2D1C6E8CE68}"
	ProjectSection(SolutionItems) = preProject
		.dockerignore = .dockerignore
		global.json = global.json
		..\.gitignore = ..\.gitignore
		..\LICENSE = ..\LICENSE
		..\README.md = ..\README.md
		Directory.Build.props = Directory.Build.props
		Directory.Packages.props = Directory.Packages.props
		nuget.config = nuget.config
	EndProjectSection
EndProject
Project("{FAE04EC0-301F-11D3-BF4B-00C04F79EFBC}") = "GithubBackup.Core", "GithubBackup.Core\GithubBackup.Core.csproj", "{94CE06B8-7742-4A37-93CD-662FF98D6DD1}"
EndProject
Project("{FAE04EC0-301F-11D3-BF4B-00C04F79EFBC}") = "GithubBackup.Core.Tests", "GithubBackup.Core.Tests\GithubBackup.Core.Tests.csproj", "{82CB38EC-FA1A-44DD-AAB1-F9ABAAE6FC87}"
EndProject
Project("{FAE04EC0-301F-11D3-BF4B-00C04F79EFBC}") = "GithubBackup.TestUtils", "GithubBackup.TestUtils\GithubBackup.TestUtils.csproj", "{EA310F93-58A0-4029-8248-094991E737DD}"
EndProject
Project("{FAE04EC0-301F-11D3-BF4B-00C04F79EFBC}") = "GithubBackup.TestUtils.Tests", "GithubBackup.TestUtils.Tests\GithubBackup.TestUtils.Tests.csproj", "{C31D87D0-93D9-4C2F-8222-70749566645D}"
EndProject
Project("{FAE04EC0-301F-11D3-BF4B-00C04F79EFBC}") = "GithubBackup.Cli.Tests", "GithubBackup.Cli.Tests\GithubBackup.Cli.Tests.csproj", "{964A4A65-0E9B-4103-9085-B9F458BEA48D}"
EndProject
Project("{2150E333-8FDC-42A3-9474-1A3956D46DE8}") = ".github", ".github", "{23207BF5-FFD0-40C9-BA21-614488CD4886}"
EndProject
Project("{2150E333-8FDC-42A3-9474-1A3956D46DE8}") = "workflows", "workflows", "{0130B520-705C-4BF2-A919-C4FBF31D40BF}"
	ProjectSection(SolutionItems) = preProject
		..\.github\workflows\release_linux_x64.yml = ..\.github\workflows\release_linux_x64.yml
		..\.github\workflows\release_osx_x64.yml = ..\.github\workflows\release_osx_x64.yml
		..\.github\workflows\release_win_x64.yml = ..\.github\workflows\release_win_x64.yml
	EndProjectSection
EndProject
Global
	GlobalSection(SolutionConfigurationPlatforms) = preSolution
		Debug|Any CPU = Debug|Any CPU
		Release|Any CPU = Release|Any CPU
	EndGlobalSection
	GlobalSection(ProjectConfigurationPlatforms) = postSolution
		{0D7535C6-E82C-4014-A684-0FAD400DA383}.Debug|Any CPU.ActiveCfg = Debug|Any CPU
		{0D7535C6-E82C-4014-A684-0FAD400DA383}.Debug|Any CPU.Build.0 = Debug|Any CPU
		{0D7535C6-E82C-4014-A684-0FAD400DA383}.Release|Any CPU.ActiveCfg = Release|Any CPU
		{0D7535C6-E82C-4014-A684-0FAD400DA383}.Release|Any CPU.Build.0 = Release|Any CPU
		{94CE06B8-7742-4A37-93CD-662FF98D6DD1}.Debug|Any CPU.ActiveCfg = Debug|Any CPU
		{94CE06B8-7742-4A37-93CD-662FF98D6DD1}.Debug|Any CPU.Build.0 = Debug|Any CPU
		{94CE06B8-7742-4A37-93CD-662FF98D6DD1}.Release|Any CPU.ActiveCfg = Release|Any CPU
		{94CE06B8-7742-4A37-93CD-662FF98D6DD1}.Release|Any CPU.Build.0 = Release|Any CPU
		{82CB38EC-FA1A-44DD-AAB1-F9ABAAE6FC87}.Debug|Any CPU.ActiveCfg = Debug|Any CPU
		{82CB38EC-FA1A-44DD-AAB1-F9ABAAE6FC87}.Debug|Any CPU.Build.0 = Debug|Any CPU
		{82CB38EC-FA1A-44DD-AAB1-F9ABAAE6FC87}.Release|Any CPU.ActiveCfg = Release|Any CPU
		{82CB38EC-FA1A-44DD-AAB1-F9ABAAE6FC87}.Release|Any CPU.Build.0 = Release|Any CPU
		{EA310F93-58A0-4029-8248-094991E737DD}.Debug|Any CPU.ActiveCfg = Debug|Any CPU
		{EA310F93-58A0-4029-8248-094991E737DD}.Debug|Any CPU.Build.0 = Debug|Any CPU
		{EA310F93-58A0-4029-8248-094991E737DD}.Release|Any CPU.ActiveCfg = Release|Any CPU
		{EA310F93-58A0-4029-8248-094991E737DD}.Release|Any CPU.Build.0 = Release|Any CPU
		{C31D87D0-93D9-4C2F-8222-70749566645D}.Debug|Any CPU.ActiveCfg = Debug|Any CPU
		{C31D87D0-93D9-4C2F-8222-70749566645D}.Debug|Any CPU.Build.0 = Debug|Any CPU
		{C31D87D0-93D9-4C2F-8222-70749566645D}.Release|Any CPU.ActiveCfg = Release|Any CPU
		{C31D87D0-93D9-4C2F-8222-70749566645D}.Release|Any CPU.Build.0 = Release|Any CPU
		{964A4A65-0E9B-4103-9085-B9F458BEA48D}.Debug|Any CPU.ActiveCfg = Debug|Any CPU
		{964A4A65-0E9B-4103-9085-B9F458BEA48D}.Debug|Any CPU.Build.0 = Debug|Any CPU
		{964A4A65-0E9B-4103-9085-B9F458BEA48D}.Release|Any CPU.ActiveCfg = Release|Any CPU
		{964A4A65-0E9B-4103-9085-B9F458BEA48D}.Release|Any CPU.Build.0 = Release|Any CPU
	EndGlobalSection
	GlobalSection(NestedProjects) = preSolution
		{23207BF5-FFD0-40C9-BA21-614488CD4886} = {B58CB078-54A4-4083-B6DA-B2D1C6E8CE68}
		{0130B520-705C-4BF2-A919-C4FBF31D40BF} = {23207BF5-FFD0-40C9-BA21-614488CD4886}
	EndGlobalSection
EndGlobal
